{
  "name": "@botonic/plugin-dialogflow",
  "version": "0.18.0",
  "lockfileVersion": 1,
  "requires": true,
  "dependencies": {
    "@babel/runtime": {
      "version": "7.12.1",
      "resolved": "https://registry.npmjs.org/@babel/runtime/-/runtime-7.12.1.tgz",
      "integrity": "sha512-J5AIf3vPj3UwXaAzb5j1xM4WAQDX3EMgemF8rjCP3SoW09LfRKAXQKt6CoVYl230P6iWdRcBbnLDDdnqWxZSCA==",
      "requires": {
        "regenerator-runtime": "^0.13.4"
      }
    },
    "@botonic/core": {
      "version": "0.18.1",
      "resolved": "https://registry.npmjs.org/@botonic/core/-/core-0.18.1.tgz",
      "integrity": "sha512-qLs6FlJPR8FOremUGIS5PF6FWPAKPxIfhvyJ4DnCGn4jzgLfyI/po1FZI8lQZTzPpk9FFgS9UFHOARTHCAle4g==",
      "requires": {
        "axios": "^0.21.0",
        "pusher-js": "^5.1.1"
      }
    },
    "axios": {
      "version": "0.21.1",
      "resolved": "https://registry.npmjs.org/axios/-/axios-0.21.1.tgz",
      "integrity": "sha512-dKQiRHxGD9PPRIUNIWvZhPTPpl1rf/OxTYKsqKUDjBwYylTvV7SjSHJb9ratfyzM6wCdLCOYLzs73qpg5c4iGA==",
      "requires": {
        "follow-redirects": "^1.10.0"
      }
    },
    "core-js": {
      "version": "3.12.1",
      "resolved": "https://registry.npmjs.org/core-js/-/core-js-3.12.1.tgz",
      "integrity": "sha512-Ne9DKPHTObRuB09Dru5AjwKjY4cJHVGu+y5f7coGn1E9Grkc3p2iBwE9AI/nJzsE29mQF7oq+mhYYRqOMFN1Bw==",
      "dev": true
    },
    "follow-redirects": {
      "version": "1.13.2",
      "resolved": "https://registry.npmjs.org/follow-redirects/-/follow-redirects-1.13.2.tgz",
      "integrity": "sha512-6mPTgLxYm3r6Bkkg0vNM0HTjfGrOEtsfbhagQvbxDEsEkpNhw582upBaoRZylzen6krEmxXJgt9Ju6HiI4O7BA=="
    },
    "jsrsasign": {
      "version": "10.2.0",
      "resolved": "https://registry.npmjs.org/jsrsasign/-/jsrsasign-10.2.0.tgz",
      "integrity": "sha512-khMrV/10U02DRzmXhjuLQjddUF39GHndaJZ/3YiiKkbyEl1T5M6EQF9nQUq0DFVCHusmd/jl8TWl4mWt+1L5hg=="
    },
    "pusher-js": {
      "version": "5.1.1",
      "resolved": "https://registry.npmjs.org/pusher-js/-/pusher-js-5.1.1.tgz",
      "integrity": "sha512-f2tdoA7NvJQkU8Y/iCH25ZSNGxnwCXrVbwos38isX6gnjsSZ1aksWvyZddm2N0sHJWyl+oPBz/MzU5cevVDyEQ=="
    },
    "regenerator-runtime": {
      "version": "0.13.7",
      "resolved": "https://registry.npmjs.org/regenerator-runtime/-/regenerator-runtime-0.13.7.tgz",
      "integrity": "sha512-a54FxoJDIr27pgf7IgeQGxmqUNYrcV338lf/6gH456HZ/PhX+5BcwHXG9ajESmwe6WRO0tAzRUrRmNONWgkrew=="
    },
    "uuid": {
      "version": "8.3.2",
      "resolved": "https://registry.npmjs.org/uuid/-/uuid-8.3.2.tgz",
      "integrity": "sha512-+NYs2QeMWy+GWFOEm9xnn6HCDp0l7QBD7ml8zLUmJ+93Q5NF0NocErnwkTkXVFNiX3/fpC6afS8Dhb/gz7R7eg=="
    }
  }
}
