{
  "name": "@botonic/plugin-dialogflow",
  "version": "0.18.0",
  "lockfileVersion": 1,
  "requires": true,
  "dependencies": {
    "@babel/runtime": {
      "version": "7.14.5",
      "resolved": "https://registry.npmjs.org/@babel/runtime/-/runtime-7.14.5.tgz",
      "integrity": "sha512-121rumjddw9c3NCQ55KGkyE1h/nzWhU/owjhw0l4mQrkzz4x9SGS1X8gFLraHwX7td3Yo4QTL+qj0NcIzN87BA==",
      "requires": {
        "regenerator-runtime": "^0.13.4"
      }
    },
    "@botonic/core": {
      "version": "0.18.1",
      "resolved": "https://registry.npmjs.org/@botonic/core/-/core-0.18.1.tgz",
      "integrity": "sha512-qLs6FlJPR8FOremUGIS5PF6FWPAKPxIfhvyJ4DnCGn4jzgLfyI/po1FZI8lQZTzPpk9FFgS9UFHOARTHCAle4g==",
      "requires": {
        "axios": "^0.21.0",
        "pusher-js": "^5.1.1"
      }
    },
    "axios": {
      "version": "0.21.1",
      "resolved": "https://registry.npmjs.org/axios/-/axios-0.21.1.tgz",
      "integrity": "sha512-dKQiRHxGD9PPRIUNIWvZhPTPpl1rf/OxTYKsqKUDjBwYylTvV7SjSHJb9ratfyzM6wCdLCOYLzs73qpg5c4iGA==",
      "requires": {
        "follow-redirects": "^1.10.0"
      }
    },
    "core-js": {
      "version": "3.15.0",
      "resolved": "https://registry.npmjs.org/core-js/-/core-js-3.15.0.tgz",
      "integrity": "sha512-GUbtPllXMYRzIgHNZ4dTYTcUemls2cni83Q4Q/TrFONHfhcg9oEGOtaGHfb0cpzec60P96UKPvMkjX1jET8rUw==",
      "dev": true
    },
    "follow-redirects": {
      "version": "1.14.1",
      "resolved": "https://registry.npmjs.org/follow-redirects/-/follow-redirects-1.14.1.tgz",
      "integrity": "sha512-HWqDgT7ZEkqRzBvc2s64vSZ/hfOceEol3ac/7tKwzuvEyWx3/4UegXh5oBOIotkGsObyk3xznnSRVADBgWSQVg=="
    },
    "jsrsasign": {
      "version": "10.3.0",
      "resolved": "https://registry.npmjs.org/jsrsasign/-/jsrsasign-10.3.0.tgz",
      "integrity": "sha512-irDIKKFW++EAELgP3fjFi5/Fn0XEyfuQTTgpbeFwCGkV6tRIYZl3uraRea2HTXWCstcSZuDaCbdAhU1n+075Bg=="
    },
    "pusher-js": {
      "version": "5.1.1",
      "resolved": "https://registry.npmjs.org/pusher-js/-/pusher-js-5.1.1.tgz",
      "integrity": "sha512-f2tdoA7NvJQkU8Y/iCH25ZSNGxnwCXrVbwos38isX6gnjsSZ1aksWvyZddm2N0sHJWyl+oPBz/MzU5cevVDyEQ=="
    },
    "regenerator-runtime": {
      "version": "0.13.7",
      "resolved": "https://registry.npmjs.org/regenerator-runtime/-/regenerator-runtime-0.13.7.tgz",
      "integrity": "sha512-a54FxoJDIr27pgf7IgeQGxmqUNYrcV338lf/6gH456HZ/PhX+5BcwHXG9ajESmwe6WRO0tAzRUrRmNONWgkrew=="
    },
    "uuid": {
      "version": "8.3.2",
      "resolved": "https://registry.npmjs.org/uuid/-/uuid-8.3.2.tgz",
      "integrity": "sha512-+NYs2QeMWy+GWFOEm9xnn6HCDp0l7QBD7ml8zLUmJ+93Q5NF0NocErnwkTkXVFNiX3/fpC6afS8Dhb/gz7R7eg=="
    }
  }
}
