{
  "name": "@botonic/plugin-dynamodb",
  "version": "0.19.0",
  "lockfileVersion": 1,
  "requires": true,
  "dependencies": {
    "@aws/dynamodb-auto-marshaller": {
      "version": "0.7.1",
      "resolved": "https://registry.npmjs.org/@aws/dynamodb-auto-marshaller/-/dynamodb-auto-marshaller-0.7.1.tgz",
      "integrity": "sha512-LeURlf6/avrfFo9+4Yht9J3CUTJ72yoBpm1FOUmlexuHNW4Ka61tG30w3ZDCXXXmCO2rG0k3ywAgNJEo3WPbyw==",
      "requires": {
        "tslib": "^1.8.1"
      }
    },
    "@aws/dynamodb-batch-iterator": {
      "version": "0.7.1",
      "resolved": "https://registry.npmjs.org/@aws/dynamodb-batch-iterator/-/dynamodb-batch-iterator-0.7.1.tgz",
      "integrity": "sha512-SdwBFnjN+ncIl+MOogTeEh1/C6O0jAcqD5YA3AujcH5JPWiMescKAefO4VQbgR0Q9ohcYcMnwL3q6mCdUpyJ9w==",
      "requires": {
        "tslib": "^1.8.1",
        "utf8-bytes": "^0.0.1"
      }
    },
    "@aws/dynamodb-data-mapper": {
      "version": "0.7.3",
      "resolved": "https://registry.npmjs.org/@aws/dynamodb-data-mapper/-/dynamodb-data-mapper-0.7.3.tgz",
      "integrity": "sha512-2DYHoF2jvO7L2TfwfJoTfdJz0M6qSVJ0wM0zQ97ehrTyVSz/yWDO3GqMA9jsUqf0fZl3CIItHBhiXdddsH5cpA==",
      "requires": {
        "@aws/dynamodb-auto-marshaller": "^0.7.1",
        "@aws/dynamodb-batch-iterator": "^0.7.1",
        "@aws/dynamodb-data-marshaller": "^0.7.3",
        "@aws/dynamodb-expressions": "^0.7.3",
        "@aws/dynamodb-query-iterator": "^0.7.1",
        "tslib": "^1.8.1"
      }
    },
    "@aws/dynamodb-data-mapper-annotations": {
      "version": "0.7.3",
      "resolved": "https://registry.npmjs.org/@aws/dynamodb-data-mapper-annotations/-/dynamodb-data-mapper-annotations-0.7.3.tgz",
      "integrity": "sha512-RROw+6EIJd0bJsl/76wxfvDkv/irY9pfpp/VRlmEIVixKW2UtMqpni+Hs0XuBRtmGKGfFrWB2WGYiikSnfv4FA==",
      "requires": {
        "@aws/dynamodb-auto-marshaller": "^0.7.1",
        "@aws/dynamodb-data-mapper": "^0.7.3",
        "@aws/dynamodb-data-marshaller": "^0.7.3",
        "reflect-metadata": "^0.1.10",
        "tslib": "^1.8.1",
        "uuid": "^3.0.0"
      }
    },
    "@aws/dynamodb-data-marshaller": {
      "version": "0.7.3",
      "resolved": "https://registry.npmjs.org/@aws/dynamodb-data-marshaller/-/dynamodb-data-marshaller-0.7.3.tgz",
      "integrity": "sha512-ea9PR19J2uY7lNSUo2bEcbfI8GiD0n66dISoBHZFrHjgCO2ao2P6UlyG/k0EMhr2zNzTWYNd08VYgTSYz5GBAA==",
      "requires": {
        "@aws/dynamodb-auto-marshaller": "^0.7.1",
        "@aws/dynamodb-expressions": "^0.7.3",
        "tslib": "^1.8.1",
        "utf8-bytes": "^0.0.1"
      }
    },
    "@aws/dynamodb-expressions": {
      "version": "0.7.3",
      "resolved": "https://registry.npmjs.org/@aws/dynamodb-expressions/-/dynamodb-expressions-0.7.3.tgz",
      "integrity": "sha512-63vaCyNKmO8BE/JWlQ3DSFG+qCAWgO5MGif31E5CPdWKaBt5yBG5qnh5w5oFelKRK6/1M6cYKl/Yui08wimUig==",
      "requires": {
        "@aws/dynamodb-auto-marshaller": "^0.7.1",
        "tslib": "^1.8.1"
      }
    },
    "@aws/dynamodb-query-iterator": {
      "version": "0.7.1",
      "resolved": "https://registry.npmjs.org/@aws/dynamodb-query-iterator/-/dynamodb-query-iterator-0.7.1.tgz",
      "integrity": "sha512-x28lcgj2HDadxszYEwQjAJyGMrdy3aznLM2TSEeQxqCxKzFT1qewmKxgWSMslH+CiLuuqs9H1FaIwvP15b6UHQ==",
      "requires": {
        "tslib": "^1.8.1"
      }
    },
    "@babel/runtime": {
      "version": "7.14.8",
      "resolved": "https://registry.npmjs.org/@babel/runtime/-/runtime-7.14.8.tgz",
      "integrity": "sha512-twj3L8Og5SaCRCErB4x4ajbvBIVV77CGeFglHpeg5WC5FF8TZzBWXtTJ4MqaD9QszLYTtr+IsaAL2rEUevb+eg==",
      "requires": {
        "regenerator-runtime": "^0.13.4"
      }
    },
    "aws-sdk": {
      "version": "2.1041.0",
      "resolved": "https://registry.npmjs.org/aws-sdk/-/aws-sdk-2.1041.0.tgz",
      "integrity": "sha512-xAgURhKpb+z4gOFTd3Qa4n3wijPlmDJDblJdC6uqzxNthxtE4pBxB9nfszxdv2Sm4W3lAI/ACafO/9NXOGIkag==",
      "requires": {
        "buffer": "4.9.2",
        "events": "1.1.1",
        "ieee754": "1.1.13",
        "jmespath": "0.15.0",
        "querystring": "0.2.0",
        "sax": "1.2.1",
        "url": "0.10.3",
        "uuid": "3.3.2",
        "xml2js": "0.4.19"
      },
      "dependencies": {
        "uuid": {
          "version": "3.3.2",
          "resolved": "https://registry.npmjs.org/uuid/-/uuid-3.3.2.tgz",
          "integrity": "sha512-yXJmeNaw3DnnKAOKJE51sL/ZaYfWJRl1pK9dr19YFCu0ObS231AB1/LbqTKRAQ5kw8A90rA6fr4riOUpTZvQZA=="
        }
      }
    },
    "base64-js": {
      "version": "1.5.1",
      "resolved": "https://registry.npmjs.org/base64-js/-/base64-js-1.5.1.tgz",
      "integrity": "sha512-AKpaYlHn8t4SVbOHCy+b5+KKgvR4vrsD8vbvrbiQJps7fKDTkjkDry6ji0rUJjC0kzbNePLwzxq8iypo41qeWA=="
    },
    "buffer": {
      "version": "4.9.2",
      "resolved": "https://registry.npmjs.org/buffer/-/buffer-4.9.2.tgz",
      "integrity": "sha512-xq+q3SRMOxGivLhBNaUdC64hDTQwejJ+H0T/NB1XMtTVEwNTrfFF3gAxiyW0Bu/xWEGhjVKgUcMhCrUy2+uCWg==",
      "requires": {
        "base64-js": "^1.0.2",
        "ieee754": "^1.1.4",
        "isarray": "^1.0.0"
      }
    },
    "events": {
      "version": "1.1.1",
      "resolved": "https://registry.npmjs.org/events/-/events-1.1.1.tgz",
      "integrity": "sha1-nr23Y1rQmccNzEwqH1AEKI6L2SQ="
    },
    "ieee754": {
      "version": "1.1.13",
      "resolved": "https://registry.npmjs.org/ieee754/-/ieee754-1.1.13.tgz",
      "integrity": "sha512-4vf7I2LYV/HaWerSo3XmlMkp5eZ83i+/CDluXi/IGTs/O1sejBNhTtnxzmRZfvOUqj7lZjqHkeTvpgSFDlWZTg=="
    },
    "isarray": {
      "version": "1.0.0",
      "resolved": "https://registry.npmjs.org/isarray/-/isarray-1.0.0.tgz",
      "integrity": "sha1-u5NdSFgsuhaMBoNJV6VKPgcSTxE="
    },
    "jmespath": {
      "version": "0.15.0",
      "resolved": "https://registry.npmjs.org/jmespath/-/jmespath-0.15.0.tgz",
      "integrity": "sha1-o/Iiqarp+Wb10nx5ZRDigJF2Qhc="
    },
    "punycode": {
      "version": "1.3.2",
      "resolved": "https://registry.npmjs.org/punycode/-/punycode-1.3.2.tgz",
      "integrity": "sha1-llOgNvt8HuQjQvIyXM7v6jkmxI0="
    },
    "querystring": {
      "version": "0.2.0",
      "resolved": "https://registry.npmjs.org/querystring/-/querystring-0.2.0.tgz",
      "integrity": "sha1-sgmEkgO7Jd+CDadW50cAWHhSFiA="
    },
    "reflect-metadata": {
      "version": "0.1.13",
      "resolved": "https://registry.npmjs.org/reflect-metadata/-/reflect-metadata-0.1.13.tgz",
      "integrity": "sha512-Ts1Y/anZELhSsjMcU605fU9RE4Oi3p5ORujwbIKXfWa+0Zxs510Qrmrce5/Jowq3cHSZSJqBjypxmHarc+vEWg=="
    },
    "regenerator-runtime": {
      "version": "0.13.9",
      "resolved": "https://registry.npmjs.org/regenerator-runtime/-/regenerator-runtime-0.13.9.tgz",
      "integrity": "sha512-p3VT+cOEgxFsRRA9X4lkI1E+k2/CtnKtU4gcxyaCUreilL/vqI6CdZ3wxVUx3UOUg+gnUOQQcRI7BmSI656MYA=="
    },
    "sax": {
      "version": "1.2.1",
      "resolved": "https://registry.npmjs.org/sax/-/sax-1.2.1.tgz",
      "integrity": "sha1-e45lYZCyKOgaZq6nSEgNgozS03o="
    },
    "tslib": {
      "version": "1.11.1",
      "resolved": "https://registry.npmjs.org/tslib/-/tslib-1.11.1.tgz",
      "integrity": "sha512-aZW88SY8kQbU7gpV19lN24LtXh/yD4ZZg6qieAJDDg+YBsJcSmLGK9QpnUjAKVG/xefmvJGd1WUmfpT/g6AJGA=="
    },
    "url": {
      "version": "0.10.3",
      "resolved": "https://registry.npmjs.org/url/-/url-0.10.3.tgz",
      "integrity": "sha1-Ah5NnHcF8hu/N9A861h2dAJ3TGQ=",
      "requires": {
        "punycode": "1.3.2",
        "querystring": "0.2.0"
      }
    },
    "utf8-bytes": {
      "version": "0.0.1",
      "resolved": "https://registry.npmjs.org/utf8-bytes/-/utf8-bytes-0.0.1.tgz",
      "integrity": "sha1-EWsCVEjJtQAIHN+/H01sbDfYg30="
    },
    "uuid": {
      "version": "3.4.0",
      "resolved": "https://registry.npmjs.org/uuid/-/uuid-3.4.0.tgz",
      "integrity": "sha512-HjSDRw6gZE5JMggctHBcjVak08+KEVhSIiDzFnT9S9aegmp85S/bReBVTb4QTFaRNptJ9kuYaNhnbNEOkbKb/A=="
    },
    "xml2js": {
      "version": "0.4.19",
      "resolved": "https://registry.npmjs.org/xml2js/-/xml2js-0.4.19.tgz",
      "integrity": "sha512-esZnJZJOiJR9wWKMyuvSE1y6Dq5LCuJanqhxslH2bxM6duahNZ+HMpCLhBQGZkbX6xRf8x1Y2eJlgt2q3qo49Q==",
      "requires": {
        "sax": ">=0.6.0",
        "xmlbuilder": "~9.0.1"
      }
    },
    "xmlbuilder": {
      "version": "9.0.7",
      "resolved": "https://registry.npmjs.org/xmlbuilder/-/xmlbuilder-9.0.7.tgz",
      "integrity": "sha1-Ey7mPS7FVlxVfiD0wi35rKaGsQ0="
    }
  }
}
